
Microsoft Visual Studio Solution File, Format Version 12.00
# Visual Studio 15
VisualStudioVersion = 15.0.28307.168
MinimumVisualStudioVersion = 10.0.40219.1
Project("{8BC9CEB8-8B4A-11D0-8D11-00A0C91BC942}") = "개인과제", "개인과제\개인과제.vcxproj", "{A605B99B-DEB9-41DF-BC68-A39A84A48428}"
EndProject
Global
	GlobalSection(SolutionConfigurationPlatforms) = preSolution
		Debug|x64 = Debug|x64
		Debug|x86 = Debug|x86
		Release|x64 = Release|x64
		Release|x86 = Release|x86
	EndGlobalSection
	GlobalSection(ProjectConfigurationPlatforms) = postSolution
		{A605B99B-DEB9-41DF-BC68-A39A84A48428}.Debug|x64.ActiveCfg = Debug|x64
		{A605B99B-DEB9-41DF-BC68-A39A84A48428}.Debug|x64.Build.0 = Debug|x64
		{A605B99B-DEB9-41DF-BC68-A39A84A48428}.Debug|x86.ActiveCfg = Debug|Win32
		{A605B99B-DEB9-41DF-BC68-A39A84A48428}.Debug|x86.Build.0 = Debug|Win32
		{A605B99B-DEB9-41DF-BC68-A39A84A48428}.Release|x64.ActiveCfg = Release|x64
		{A605B99B-DEB9-41DF-BC68-A39A84A48428}.Release|x64.Build.0 = Release|x64
		{A605B99B-DEB9-41DF-BC68-A39A84A48428}.Release|x86.ActiveCfg = Release|Win32
		{A605B99B-DEB9-41DF-BC68-A39A84A48428}.Release|x86.Build.0 = Release|Win32
	EndGlobalSection
	GlobalSection(SolutionProperties) = preSolution
		HideSolutionNode = FALSE
	EndGlobalSection
	GlobalSection(ExtensibilityGlobals) = postSolution
		SolutionGuid = {99F31180-F09E-43EF-8CAB-98BC97985C31}
	EndGlobalSection
EndGlobal
